{
  "version": "1.0.0",
  "lockfileVersion": 2,
  "workspaces": {
    "": {
      "name": "@stacksjs/bun-router",
      "devDependencies": {
        "@stacksjs/bunpress": "^0.1.4",
        "better-dx": "^0.2.7"
      }
    },
    "packages/bun-router": {
      "name": "@stacksjs/bun-router",
      "version": "0.0.2",
      "dependencies": {
        "@stacksjs/clapp": "^0.2.0",
        "bun-query-builder": "^0.1.13",
        "openapi-types": "^12.1.3",
        "ts-rate-limiter": "^0.4.0"
      }
    },
    "packages/dashboard": {
      "name": "@stacksjs/bun-router-dashboard",
      "version": "0.0.2",
      "dependencies": {
        "@unocss/reset": "^66.6.7",
        "axios": "^1.13.6",
        "chart.js": "^4.5.1",
        "d3": "7.9.0",
        "pinia": "^3.0.4",
        "vue": "^3.5.30",
        "vue-chartjs": "^5.3.3",
        "vue-router": "^5.0.3"
      },
      "devDependencies": {
        "@iconify-json/carbon": "^1.2.19",
        "@types/d3": "7.4.3",
        "@unocss/preset-icons": "^66.6.7",
        "@unocss/preset-uno": "^66.6.7",
        "@unocss/preset-web-fonts": "^66.6.7",
        "@unocss/transformer-directives": "^66.6.7",
        "@vitejs/plugin-vue": "^6.0.5",
        "unocss": "^66.6.7",
        "vite": "^7.3.1",
        "vue-tsc": "^3.2.6"
      }
    }
  },
  "packages": {
    "@iconify-json/carbon@1.2.19": {
      "name": "@iconify-json/carbon",
      "version": "1.2.19",
      "source": "npm",
      "resolved": "https://registry.npmjs.org/@iconify-json/carbon/-/carbon-1.2.19.tgz",
      "integrity": "sha512-l89XjtEeSA5fxlxPTNSU9AA+rxaz/Dn0X/ux0/3awR+tAayY8iJqWQu3AKxhchfx3LB/fX1Nv3ZppZzrBAt7aA==",
      "dependencies": {
        "@iconify/types": "*"
      }
    },
    "@stacksjs/bunpress@0.1.4": {
      "name": "@stacksjs/bunpress",
      "version": "0.1.4",
      "source": "npm",
      "resolved": "https://registry.npmjs.org/@stacksjs/bunpress/-/bunpress-0.1.4.tgz",
      "integrity": "sha512-uo5ahVHkV0AcUbqhF1OSTqG9TuTIvL3a0UZtU3De+pi0hFfPkj/XrOT5gBp5D3u9XsbYGghYm9VQaReSHnT/YQ==",
      "dependencies": {
        "@stacksjs/clapp": "^0.2.0",
        "@stacksjs/stx": "^0.2.10",
        "@stacksjs/ts-cloud": "^0.2.2",
        "@stacksjs/ts-md": "^0.1.1",
        "bunfig": "^0.15.6"
      },
      "bin": {
        "bunpress": "./dist/bin/cli.js"
      }
    },
    "@stacksjs/clapp@0.2.0": {
      "name": "@stacksjs/clapp",
      "version": "0.2.0",
      "source": "npm",
      "resolved": "https://registry.npmjs.org/@stacksjs/clapp/-/clapp-0.2.0.tgz",
      "integrity": "sha512-dSqnbeZjXnQLLvVxC5NU7D9Vpjxc6cC9Bo2ZwaqjgruK7pbVoFCI0goc9Mtf/lfSTbTx6Uvv/mbY7+cOW/j3Og==",
      "dependencies": {
        "mri": "^1.2.0",
        "wrap-ansi": "^9.0.0"
      },
      "bin": {
        "@stacksjs/clapp": "./dist/bin/cli.js",
        "clapp": "./dist/bin/cli.js"
      }
    },
    "@types/d3@7.4.3": {
      "name": "@types/d3",
      "version": "7.4.3",
      "source": "npm",
      "resolved": "https://registry.npmjs.org/@types/d3/-/d3-7.4.3.tgz",
      "integrity": "sha512-lZXZ9ckh5R8uiFVt8ogUNf+pIrK4EsWrx2Np75WvF/eTpJ0FMHNhjXk8CKEx/+gpHbNQyJWehbFaTvqmHWB3ww==",
      "dependencies": {
        "@types/d3-array": "*",
        "@types/d3-axis": "*",
        "@types/d3-brush": "*",
        "@types/d3-chord": "*",
        "@types/d3-color": "*",
        "@types/d3-contour": "*",
        "@types/d3-delaunay": "*",
        "@types/d3-dispatch": "*",
        "@types/d3-drag": "*",
        "@types/d3-dsv": "*",
        "@types/d3-ease": "*",
        "@types/d3-fetch": "*",
        "@types/d3-force": "*",
        "@types/d3-format": "*",
        "@types/d3-geo": "*",
        "@types/d3-hierarchy": "*",
        "@types/d3-interpolate": "*",
        "@types/d3-path": "*",
        "@types/d3-polygon": "*",
        "@types/d3-quadtree": "*",
        "@types/d3-random": "*",
        "@types/d3-scale": "*",
        "@types/d3-scale-chromatic": "*",
        "@types/d3-selection": "*",
        "@types/d3-shape": "*",
        "@types/d3-time": "*",
        "@types/d3-time-format": "*",
        "@types/d3-timer": "*",
        "@types/d3-transition": "*",
        "@types/d3-zoom": "*"
      }
    },
    "@unocss/preset-icons@66.6.7": {
      "name": "@unocss/preset-icons",
      "version": "66.6.7",
      "source": "npm",
      "resolved": "https://registry.npmjs.org/@unocss/preset-icons/-/preset-icons-66.6.7.tgz",
      "integrity": "sha512-mGAOyI/qz1pZUV1BcOtWAMm5czdFCjhFCYcDk0KY+Jw37pKRVSQRFeh4gpHuYKmehGv36caLyVrWXpTAwRBdFQ==",
      "dependencies": {
        "@iconify/utils": "^3.1.0",
        "@unocss/core": "66.6.7",
        "ofetch": "^1.5.1"
      }
    },
    "@unocss/preset-uno@66.6.7": {
      "name": "@unocss/preset-uno",
      "version": "66.6.7",
      "source": "npm",
      "resolved": "https://registry.npmjs.org/@unocss/preset-uno/-/preset-uno-66.6.7.tgz",
      "integrity": "sha512-imGCe6Yv2XgrJxP77gV8WZCz0xL99MsGov5rYn64lh2/tcsHF2rUIhTj/Urgxt0kwk8rLFtGbR1JuwPMNL5EDw==",
      "dependencies": {
        "@unocss/core": "66.6.7",
        "@unocss/preset-wind3": "66.6.7"
      }
    },
    "@unocss/preset-web-fonts@66.6.7": {
      "name": "@unocss/preset-web-fonts",
      "version": "66.6.7",
      "source": "npm",
      "resolved": "https://registry.npmjs.org/@unocss/preset-web-fonts/-/preset-web-fonts-66.6.7.tgz",
      "integrity": "sha512-GLjUoSL/kYt1Yw2zpzixKnxvpHgLHAg0JXiPglct4PZ9YmUzCPbvJ/vVn+0AnB8Fxr29Z8NAFSNoX625ZaRonQ==",
      "dependencies": {
        "@unocss/core": "66.6.7",
        "ofetch": "^1.5.1"
      }
    },
    "@unocss/reset@66.6.7": {
      "name": "@unocss/reset",
      "version": "66.6.7",
      "source": "npm",
      "resolved": "https://registry.npmjs.org/@unocss/reset/-/reset-66.6.7.tgz",
      "integrity": "sha512-+OjpLDEaPmhTQ3Gj7EaKApNM92TM9f9gLgHNa79+66wIll9IfhKfEmJXnF9y1SE725n4PmPIQgC9k313HztMLA=="
    },
    "@unocss/transformer-directives@66.6.7": {
      "name": "@unocss/transformer-directives",
      "version": "66.6.7",
      "source": "npm",
      "resolved": "https://registry.npmjs.org/@unocss/transformer-directives/-/transformer-directives-66.6.7.tgz",
      "integrity": "sha512-z3gi8/cD2P0I+c6jOPZUtsPXknHwVNlMIitSh7LhyM6W3EqbqvDcYH2gFeGhdhoYcN2r5OpTBujq34iz4IdUxA==",
      "dependencies": {
        "@unocss/core": "66.6.7",
        "@unocss/rule-utils": "66.6.7",
        "css-tree": "^3.1.0"
      }
    },
    "@vitejs/plugin-vue@6.0.5": {
      "name": "@vitejs/plugin-vue",
      "version": "6.0.5",
      "source": "npm",
      "resolved": "https://registry.npmjs.org/@vitejs/plugin-vue/-/plugin-vue-6.0.5.tgz",
      "integrity": "sha512-bL3AxKuQySfk1iGcBsQnoRVexTPJq0Z/ixFVM8OhVJAP6ZXXXLtM7NFKWhLl30Kg7uTBqIaPXbh+nuQCuBDedg==",
      "dependencies": {
        "@rolldown/pluginutils": "1.0.0-rc.2"
      },
      "peerDependencies": {
        "vite": "^5.0.0 || ^6.0.0 || ^7.0.0 || ^8.0.0",
        "vue": "^3.2.25"
      }
    },
    "axios@1.13.6": {
      "name": "axios",
      "version": "1.13.6",
      "source": "npm",
      "resolved": "https://registry.npmjs.org/axios/-/axios-1.13.6.tgz",
      "integrity": "sha512-ChTCHMouEe2kn713WHbQGcuYrr6fXTBiu460OTwWrWob16g1bXn4vtz07Ope7ewMozJAnEquLk5lWQWtBig9DQ==",
      "dependencies": {
        "follow-redirects": "^1.15.11",
        "form-data": "^4.0.5",
        "proxy-from-env": "^1.1.0"
      }
    },
    "better-dx@0.2.7": {
      "name": "better-dx",
      "version": "0.2.7",
      "source": "npm",
      "resolved": "https://registry.npmjs.org/better-dx/-/better-dx-0.2.7.tgz",
      "integrity": "sha512-J5Msp8jYKl4/YrTt/IWE32ZZg36/+M5klkAhSZb6Av5LGuFd7tylTerKq/8AwZxAYl9h8ZXV79Paygc+YjmCyw==",
      "peerDependencies": {
        "@stacksjs/bumpx": "^0.2.4",
        "@stacksjs/bunpress": "^0.1.1",
        "@stacksjs/clarity": "^0.3.24",
        "@stacksjs/gitlint": "^0.1.5",
        "@stacksjs/logsmith": "^0.2.1",
        "@types/bun": "^1.3.10",
        "buddy-bot": "^0.9.17",
        "bun-git-hooks": "^0.3.1",
        "bun-plugin-dtsx": "^0.9.13",
        "bunfig": "^0.15.6",
        "pickier": "^0.1.20",
        "ts-error-handling": "^0.1.1",
        "typescript": "^5.9.3"
      },
      "bin": {
        "better-dx": "./dist/bin/cli.js",
        "dx": "./dist/bin/cli.js"
      }
    },
    "bun-query-builder@0.1.13": {
      "name": "bun-query-builder",
      "version": "0.1.13",
      "source": "npm",
      "resolved": "https://registry.npmjs.org/bun-query-builder/-/bun-query-builder-0.1.13.tgz",
      "integrity": "sha512-jGA8xN53qJ7b6xxz4kCodya5U7UnwHYXVS0KGpJ4uxaK9Z73U5fv/EPbQtVzpQlHkoveWUivxC0gPaqhJpkWpg==",
      "dependencies": {
        "@stacksjs/clapp": "^0.2.0",
        "@stacksjs/ts-validation": "^0.4.9",
        "dynamodb-tooling": "^0.3.2",
        "ts-mocker": "^0.1.5"
      },
      "bin": {
        "qb": "./dist/bin/cli.js",
        "qbx": "./dist/bin/cli.js",
        "query-builder": "./dist/bin/cli.js"
      }
    },
    "chart.js@4.5.1": {
      "name": "chart.js",
      "version": "4.5.1",
      "source": "npm",
      "resolved": "https://registry.npmjs.org/chart.js/-/chart.js-4.5.1.tgz",
      "integrity": "sha512-GIjfiT9dbmHRiYi6Nl2yFCq7kkwdkp1W/lp2J99rX0yo9tgJGn3lKQATztIjb5tVtevcBtIdICNWqlq5+E8/Pw==",
      "dependencies": {
        "@kurkle/color": "^0.3.0"
      }
    },
    "d3@7.9.0": {
      "name": "d3",
      "version": "7.9.0",
      "source": "npm",
      "resolved": "https://registry.npmjs.org/d3/-/d3-7.9.0.tgz",
      "integrity": "sha512-e1U46jVP+w7Iut8Jt8ri1YsPOvFpg46k+K8TpCb0P+zjCkjkPnV7WzfDJzMHy1LnA+wj5pLT1wjO901gLXeEhA==",
      "dependencies": {
        "d3-array": "3",
        "d3-axis": "3",
        "d3-brush": "3",
        "d3-chord": "3",
        "d3-color": "3",
        "d3-contour": "4",
        "d3-delaunay": "6",
        "d3-dispatch": "3",
        "d3-drag": "3",
        "d3-dsv": "3",
        "d3-ease": "3",
        "d3-fetch": "3",
        "d3-force": "3",
        "d3-format": "3",
        "d3-geo": "3",
        "d3-hierarchy": "3",
        "d3-interpolate": "3",
        "d3-path": "3",
        "d3-polygon": "3",
        "d3-quadtree": "3",
        "d3-random": "3",
        "d3-scale": "4",
        "d3-scale-chromatic": "3",
        "d3-selection": "3",
        "d3-shape": "3",
        "d3-time": "3",
        "d3-time-format": "4",
        "d3-timer": "3",
        "d3-transition": "3",
        "d3-zoom": "3"
      }
    },
    "openapi-types@12.1.3": {
      "name": "openapi-types",
      "version": "12.1.3",
      "source": "npm",
      "resolved": "https://registry.npmjs.org/openapi-types/-/openapi-types-12.1.3.tgz",
      "integrity": "sha512-N4YtSYJqghVu4iek2ZUvcN/0aqH1kRDuNqzcycDxhOUpg7GdvLa2F3DgS6yBNhInhv2r/6I0Flkn7CqL8+nIcw=="
    },
    "pinia@3.0.4": {
      "name": "pinia",
      "version": "3.0.4",
      "source": "npm",
      "resolved": "https://registry.npmjs.org/pinia/-/pinia-3.0.4.tgz",
      "integrity": "sha512-l7pqLUFTI/+ESXn6k3nu30ZIzW5E2WZF/LaHJEpoq6ElcLD+wduZoB2kBN19du6K/4FDpPMazY2wJr+IndBtQw==",
      "dependencies": {
        "@vue/devtools-api": "^7.7.7"
      },
      "peerDependencies": {
        "typescript": ">=4.5.0",
        "vue": "^3.5.11"
      },
      "optionalPeers": ["typescript"]
    },
    "ts-rate-limiter@0.4.0": {
      "name": "ts-rate-limiter",
      "version": "0.4.0",
      "source": "npm",
      "resolved": "https://registry.npmjs.org/ts-rate-limiter/-/ts-rate-limiter-0.4.0.tgz",
      "integrity": "sha512-BlH2LPlj5he22HopctNL/F/jfFCowoqLRMcVx1VMcgZzxNSim4aSBYMM/ffH+EB5bviCxave0w9BV+OKtwqwfw==",
      "bin": {
        "ts-rate-limiter": "./dist/bin/init-config.js"
      }
    },
    "unocss@66.6.7": {
      "name": "unocss",
      "version": "66.6.7",
      "source": "npm",
      "resolved": "https://registry.npmjs.org/unocss/-/unocss-66.6.7.tgz",
      "integrity": "sha512-TdZ/JnKhrqkknrMvLl0KOwrGzFThEspFIyYiylFYJki2JkMN/5EJIr+vIZEGRX69hFTjTLi6utIpbipueqzNbw==",
      "dependencies": {
        "@unocss/cli": "66.6.7",
        "@unocss/core": "66.6.7",
        "@unocss/preset-attributify": "66.6.7",
        "@unocss/preset-icons": "66.6.7",
        "@unocss/preset-mini": "66.6.7",
        "@unocss/preset-tagify": "66.6.7",
        "@unocss/preset-typography": "66.6.7",
        "@unocss/preset-uno": "66.6.7",
        "@unocss/preset-web-fonts": "66.6.7",
        "@unocss/preset-wind": "66.6.7",
        "@unocss/preset-wind3": "66.6.7",
        "@unocss/preset-wind4": "66.6.7",
        "@unocss/transformer-attributify-jsx": "66.6.7",
        "@unocss/transformer-compile-class": "66.6.7",
        "@unocss/transformer-directives": "66.6.7",
        "@unocss/transformer-variant-group": "66.6.7",
        "@unocss/vite": "66.6.7"
      },
      "peerDependencies": {
        "@unocss/astro": "66.6.7",
        "@unocss/postcss": "66.6.7",
        "@unocss/webpack": "66.6.7"
      },
      "optionalPeers": ["@unocss/astro", "@unocss/postcss", "@unocss/webpack"]
    },
    "vite@^7.3.1": {
      "name": "vite",
      "version": "^7.3.1",
      "source": "npm",
      "dependencies": {
        "esbuild": "^0.21.3",
        "postcss": "^8.4.43",
        "rollup": "^4.20.0"
      },
      "peerDependencies": {
        "@types/node": "^18.0.0 || >=20.0.0",
        "less": "*",
        "lightningcss": "^1.21.0",
        "sass": "*",
        "sass-embedded": "*",
        "stylus": "*",
        "sugarss": "*",
        "terser": "^5.4.0"
      },
      "bin": {
        "vite": "bin/vite.js"
      },
      "optionalPeers": ["@types/node", "less", "lightningcss", "sass", "sass-embedded", "stylus", "sugarss", "terser"]
    },
    "vue-chartjs@5.3.3": {
      "name": "vue-chartjs",
      "version": "5.3.3",
      "source": "npm",
      "resolved": "https://registry.npmjs.org/vue-chartjs/-/vue-chartjs-5.3.3.tgz",
      "integrity": "sha512-jqxtL8KZ6YJ5NTv6XzrzLS7osyegOi28UGNZW0h9OkDL7Sh1396ht4Dorh04aKrl2LiSalQ84WtqiG0RIJb0tA==",
      "peerDependencies": {
        "chart.js": "^4.1.1",
        "vue": "^3.0.0-0 || ^2.7.0"
      }
    },
    "vue-router@5.0.4": {
      "name": "vue-router",
      "version": "5.0.4",
      "source": "npm",
      "resolved": "https://registry.npmjs.org/vue-router/-/vue-router-5.0.4.tgz",
      "integrity": "sha512-lCqDLCI2+fKVRl2OzXuzdSWmxXFLQRxQbmHugnRpTMyYiT+hNaycV0faqG5FBHDXoYrZ6MQcX87BvbY8mQ20Bg==",
      "dependencies": {
        "@babel/generator": "^7.28.6",
        "@vue-macros/common": "^3.1.1",
        "@vue/devtools-api": "^8.0.6",
        "ast-walker-scope": "^0.8.3",
        "chokidar": "^5.0.0",
        "json5": "^2.2.3",
        "local-pkg": "^1.1.2",
        "magic-string": "^0.30.21",
        "mlly": "^1.8.0",
        "muggle-string": "^0.4.1",
        "pathe": "^2.0.3",
        "picomatch": "^4.0.3",
        "scule": "^1.3.0",
        "tinyglobby": "^0.2.15",
        "unplugin": "^3.0.0",
        "unplugin-utils": "^0.3.1",
        "yaml": "^2.8.2"
      },
      "peerDependencies": {
        "@pinia/colada": ">=0.21.2",
        "@vue/compiler-sfc": "^3.5.17",
        "pinia": "^3.0.4",
        "vue": "^3.5.0"
      },
      "optionalPeers": ["@pinia/colada", "@vue/compiler-sfc", "pinia"]
    },
    "vue-tsc@3.2.6": {
      "name": "vue-tsc",
      "version": "3.2.6",
      "source": "npm",
      "resolved": "https://registry.npmjs.org/vue-tsc/-/vue-tsc-3.2.6.tgz",
      "integrity": "sha512-gYW/kWI0XrwGzd0PKc7tVB/qpdeAkIZLNZb10/InizkQjHjnT8weZ/vBarZoj4kHKbUTZT/bAVgoOr8x4NsQ/Q==",
      "dependencies": {
        "@volar/typescript": "2.4.28",
        "@vue/language-core": "3.2.6"
      },
      "peerDependencies": {
        "typescript": ">=5.0.0"
      },
      "bin": {
        "vue-tsc": "./bin/vue-tsc.js"
      }
    },
    "vue@3.6.0-alpha.1": {
      "name": "vue",
      "version": "3.6.0-alpha.1",
      "source": "npm",
      "resolved": "https://registry.npmjs.org/vue/-/vue-3.6.0-alpha.1.tgz",
      "integrity": "sha512-DZjYvysI4pp2o+y/Qeswe+8rWe/eYY13NLB9Bei2Ba5ecz+G1n3Uch2LI7IBa1favAqX8fZ4GJ5+XPBbPWwwxQ==",
      "dependencies": {
        "@vue/compiler-dom": "3.6.0-alpha.1",
        "@vue/compiler-sfc": "3.6.0-alpha.1",
        "@vue/runtime-dom": "3.6.0-alpha.1",
        "@vue/runtime-vapor": "3.6.0-alpha.1",
        "@vue/server-renderer": "3.6.0-alpha.1",
        "@vue/shared": "3.6.0-alpha.1"
      },
      "peerDependencies": {
        "typescript": "*"
      },
      "optionalPeers": ["typescript"]
    }
  }
}
